
Microsoft Visual Studio Solution File, Format Version 12.00
# Visual Studio Version 16
VisualStudioVersion = 25.0.1705.7
MinimumVisualStudioVersion = 10.0.40219.1
Project("{FAE04EC0-301F-11D3-BF4B-00C04F79EFBC}") = "JokesWebApp", "JokesWebApp\JokesWebApp.csproj", "{8BAD2A41-8F19-400B-9C15-C6C0735FF9A5}"
EndProject
Global
	GlobalSection(SolutionConfigurationPlatforms) = preSolution
		Debug|Any CPU = Debug|Any CPU
		Release|Any CPU = Release|Any CPU
	EndGlobalSection
	GlobalSection(ProjectConfigurationPlatforms) = postSolution
		{8BAD2A41-8F19-400B-9C15-C6C0735FF9A5}.Debug|Any CPU.ActiveCfg = Debug|Any CPU
		{8BAD2A41-8F19-400B-9C15-C6C0735FF9A5}.Debug|Any CPU.Build.0 = Debug|Any CPU
		{8BAD2A41-8F19-400B-9C15-C6C0735FF9A5}.Release|Any CPU.ActiveCfg = Release|Any CPU
		{8BAD2A41-8F19-400B-9C15-C6C0735FF9A5}.Release|Any CPU.Build.0 = Release|Any CPU
	EndGlobalSection
	GlobalSection(SolutionProperties) = preSolution
		HideSolutionNode = FALSE
	EndGlobalSection
	GlobalSection(ExtensibilityGlobals) = postSolution
		SolutionGuid = {A9258B62-B68D-4BB4-B961-5618F7D393AC}
	EndGlobalSection
EndGlobal
